// !$*UTF8*$!
{
	archiveVersion = 1;
	classes = {
	};
	objectVersion = 56;
	objects = {

/* Begin PBXBuildFile section */
		0226D6E72956C5AF003DD7C0 /* SettingsLabelView.swift in Sources */ = {isa = PBXBuildFile; fileRef = 0226D6E62956C5AF003DD7C0 /* SettingsLabelView.swift */; };
		0226D6E92956CC73003DD7C0 /* SettingsRowView.swift in Sources */ = {isa = PBXBuildFile; fileRef = 0226D6E82956CC73003DD7C0 /* SettingsRowView.swift */; };
		02A5276D294C7E1000C5409F /* FructusApp.swift in Sources */ = {isa = PBXBuildFile; fileRef = 02A5276C294C7E1000C5409F /* FructusApp.swift */; };
		02A5276F294C7E1000C5409F /* ContentView.swift in Sources */ = {isa = PBXBuildFile; fileRef = 02A5276E294C7E1000C5409F /* ContentView.swift */; };
		02A52771294C7E1200C5409F /* Assets.xcassets in Resources */ = {isa = PBXBuildFile; fileRef = 02A52770294C7E1200C5409F /* Assets.xcassets */; };
		02A52774294C7E1200C5409F /* Preview Assets.xcassets in Resources */ = {isa = PBXBuildFile; fileRef = 02A52773294C7E1200C5409F /* Preview Assets.xcassets */; };
		02A5277D294C822900C5409F /* FruitCardView.swift in Sources */ = {isa = PBXBuildFile; fileRef = 02A5277C294C822900C5409F /* FruitCardView.swift */; };
		02A5277F294C90D100C5409F /* StartButtonView.swift in Sources */ = {isa = PBXBuildFile; fileRef = 02A5277E294C90D100C5409F /* StartButtonView.swift */; };
		02A52781294C92F700C5409F /* OnboardingView.swift in Sources */ = {isa = PBXBuildFile; fileRef = 02A52780294C92F700C5409F /* OnboardingView.swift */; };
		02A52784294EB9AB00C5409F /* FruitModel.swift in Sources */ = {isa = PBXBuildFile; fileRef = 02A52783294EB9AB00C5409F /* FruitModel.swift */; };
		02A52787294EBAAA00C5409F /* FruitData.swift in Sources */ = {isa = PBXBuildFile; fileRef = 02A52786294EBAAA00C5409F /* FruitData.swift */; };
		02A5278B294EC19F00C5409F /* FruitRowView.swift in Sources */ = {isa = PBXBuildFile; fileRef = 02A5278A294EC19F00C5409F /* FruitRowView.swift */; };
		02A5278D294EC72000C5409F /* FruitDetailView.swift in Sources */ = {isa = PBXBuildFile; fileRef = 02A5278C294EC72000C5409F /* FruitDetailView.swift */; };
		02A5278F294ECB6500C5409F /* FruitHeaderView.swift in Sources */ = {isa = PBXBuildFile; fileRef = 02A5278E294ECB6500C5409F /* FruitHeaderView.swift */; };
		02A52791294ECDA900C5409F /* SourceLinkView.swift in Sources */ = {isa = PBXBuildFile; fileRef = 02A52790294ECDA900C5409F /* SourceLinkView.swift */; };
		02A52793294ED3F200C5409F /* FruitNutrientsView.swift in Sources */ = {isa = PBXBuildFile; fileRef = 02A52792294ED3F200C5409F /* FruitNutrientsView.swift */; };
		02A60980294F68B200370C1F /* SettingsView.swift in Sources */ = {isa = PBXBuildFile; fileRef = 02A6097F294F68B200370C1F /* SettingsView.swift */; };
/* End PBXBuildFile section */

/* Begin PBXFileReference section */
		0226D6E62956C5AF003DD7C0 /* SettingsLabelView.swift */ = {isa = PBXFileReference; lastKnownFileType = sourcecode.swift; path = SettingsLabelView.swift; sourceTree = "<group>"; };
		0226D6E82956CC73003DD7C0 /* SettingsRowView.swift */ = {isa = PBXFileReference; lastKnownFileType = sourcecode.swift; path = SettingsRowView.swift; sourceTree = "<group>"; };
		02A52769294C7E1000C5409F /* Fructus.app */ = {isa = PBXFileReference; explicitFileType = wrapper.application; includeInIndex = 0; path = Fructus.app; sourceTree = BUILT_PRODUCTS_DIR; };
		02A5276C294C7E1000C5409F /* FructusApp.swift */ = {isa = PBXFileReference; lastKnownFileType = sourcecode.swift; path = FructusApp.swift; sourceTree = "<group>"; };
		02A5276E294C7E1000C5409F /* ContentView.swift */ = {isa = PBXFileReference; lastKnownFileType = sourcecode.swift; path = ContentView.swift; sourceTree = "<group>"; };
		02A52770294C7E1200C5409F /* Assets.xcassets */ = {isa = PBXFileReference; lastKnownFileType = folder.assetcatalog; path = Assets.xcassets; sourceTree = "<group>"; };
		02A52773294C7E1200C5409F /* Preview Assets.xcassets */ = {isa = PBXFileReference; lastKnownFileType = folder.assetcatalog; path = "Preview Assets.xcassets"; sourceTree = "<group>"; };
		02A5277C294C822900C5409F /* FruitCardView.swift */ = {isa = PBXFileReference; lastKnownFileType = sourcecode.swift; path = FruitCardView.swift; sourceTree = "<group>"; };
		02A5277E294C90D100C5409F /* StartButtonView.swift */ = {isa = PBXFileReference; lastKnownFileType = sourcecode.swift; path = StartButtonView.swift; sourceTree = "<group>"; };
		02A52780294C92F700C5409F /* OnboardingView.swift */ = {isa = PBXFileReference; lastKnownFileType = sourcecode.swift; path = OnboardingView.swift; sourceTree = "<group>"; };
		02A52783294EB9AB00C5409F /* FruitModel.swift */ = {isa = PBXFileReference; lastKnownFileType = sourcecode.swift; path = FruitModel.swift; sourceTree = "<group>"; };
		02A52786294EBAAA00C5409F /* FruitData.swift */ = {isa = PBXFileReference; lastKnownFileType = sourcecode.swift; path = FruitData.swift; sourceTree = "<group>"; };
		02A5278A294EC19F00C5409F /* FruitRowView.swift */ = {isa = PBXFileReference; lastKnownFileType = sourcecode.swift; path = FruitRowView.swift; sourceTree = "<group>"; };
		02A5278C294EC72000C5409F /* FruitDetailView.swift */ = {isa = PBXFileReference; lastKnownFileType = sourcecode.swift; path = FruitDetailView.swift; sourceTree = "<group>"; };
		02A5278E294ECB6500C5409F /* FruitHeaderView.swift */ = {isa = PBXFileReference; lastKnownFileType = sourcecode.swift; path = FruitHeaderView.swift; sourceTree = "<group>"; };
		02A52790294ECDA900C5409F /* SourceLinkView.swift */ = {isa = PBXFileReference; lastKnownFileType = sourcecode.swift; path = SourceLinkView.swift; sourceTree = "<group>"; };
		02A52792294ED3F200C5409F /* FruitNutrientsView.swift */ = {isa = PBXFileReference; lastKnownFileType = sourcecode.swift; path = FruitNutrientsView.swift; sourceTree = "<group>"; };
		02A6097F294F68B200370C1F /* SettingsView.swift */ = {isa = PBXFileReference; lastKnownFileType = sourcecode.swift; path = SettingsView.swift; sourceTree = "<group>"; };
/* End PBXFileReference section */

/* Begin PBXFrameworksBuildPhase section */
		02A52766294C7E1000C5409F /* Frameworks */ = {
			isa = PBXFrameworksBuildPhase;
			buildActionMask = 2147483647;
			files = (
			);
			runOnlyForDeploymentPostprocessing = 0;
		};
/* End PBXFrameworksBuildPhase section */

/* Begin PBXGroup section */
		02A52760294C7E1000C5409F = {
			isa = PBXGroup;
			children = (
				02A5276B294C7E1000C5409F /* Fructus */,
				02A5276A294C7E1000C5409F /* Products */,
			);
			sourceTree = "<group>";
		};
		02A5276A294C7E1000C5409F /* Products */ = {
			isa = PBXGroup;
			children = (
				02A52769294C7E1000C5409F /* Fructus.app */,
			);
			name = Products;
			sourceTree = "<group>";
		};
		02A5276B294C7E1000C5409F /* Fructus */ = {
			isa = PBXGroup;
			children = (
				02A52785294EBA9600C5409F /* Data */,
				02A52782294EB97E00C5409F /* Model */,
				02A5277A294C81F400C5409F /* App */,
				02A5277B294C820400C5409F /* View */,
				02A52770294C7E1200C5409F /* Assets.xcassets */,
				02A52772294C7E1200C5409F /* Preview Content */,
			);
			path = Fructus;
			sourceTree = "<group>";
		};
		02A52772294C7E1200C5409F /* Preview Content */ = {
			isa = PBXGroup;
			children = (
				02A52773294C7E1200C5409F /* Preview Assets.xcassets */,
			);
			path = "Preview Content";
			sourceTree = "<group>";
		};
		02A5277A294C81F400C5409F /* App */ = {
			isa = PBXGroup;
			children = (
				02A5276C294C7E1000C5409F /* FructusApp.swift */,
				02A5276E294C7E1000C5409F /* ContentView.swift */,
				02A52780294C92F700C5409F /* OnboardingView.swift */,
				02A6097F294F68B200370C1F /* SettingsView.swift */,
			);
			path = App;
			sourceTree = "<group>";
		};
		02A5277B294C820400C5409F /* View */ = {
			isa = PBXGroup;
			children = (
				02A5277C294C822900C5409F /* FruitCardView.swift */,
				02A5277E294C90D100C5409F /* StartButtonView.swift */,
				02A5278A294EC19F00C5409F /* FruitRowView.swift */,
				02A5278C294EC72000C5409F /* FruitDetailView.swift */,
				02A5278E294ECB6500C5409F /* FruitHeaderView.swift */,
				02A52790294ECDA900C5409F /* SourceLinkView.swift */,
				02A52792294ED3F200C5409F /* FruitNutrientsView.swift */,
				0226D6E62956C5AF003DD7C0 /* SettingsLabelView.swift */,
				0226D6E82956CC73003DD7C0 /* SettingsRowView.swift */,
			);
			path = View;
			sourceTree = "<group>";
		};
		02A52782294EB97E00C5409F /* Model */ = {
			isa = PBXGroup;
			children = (
				02A52783294EB9AB00C5409F /* FruitModel.swift */,
			);
			path = Model;
			sourceTree = "<group>";
		};
		02A52785294EBA9600C5409F /* Data */ = {
			isa = PBXGroup;
			children = (
				02A52786294EBAAA00C5409F /* FruitData.swift */,
			);
			path = Data;
			sourceTree = "<group>";
		};
/* End PBXGroup section */

/* Begin PBXNativeTarget section */
		02A52768294C7E1000C5409F /* Fructus */ = {
			isa = PBXNativeTarget;
			buildConfigurationList = 02A52777294C7E1200C5409F /* Build configuration list for PBXNativeTarget "Fructus" */;
			buildPhases = (
				02A52765294C7E1000C5409F /* Sources */,
				02A52766294C7E1000C5409F /* Frameworks */,
				02A52767294C7E1000C5409F /* Resources */,
			);
			buildRules = (
			);
			dependencies = (
			);
			name = Fructus;
			productName = Fructus;
			productReference = 02A52769294C7E1000C5409F /* Fructus.app */;
			productType = "com.apple.product-type.application";
		};
/* End PBXNativeTarget section */

/* Begin PBXProject section */
		02A52761294C7E1000C5409F /* Project object */ = {
			isa = PBXProject;
			attributes = {
				BuildIndependentTargetsInParallel = 1;
				LastSwiftUpdateCheck = 1410;
				LastUpgradeCheck = 1410;
				TargetAttributes = {
					02A52768294C7E1000C5409F = {
						CreatedOnToolsVersion = 14.1;
					};
				};
			};
			buildConfigurationList = 02A52764294C7E1000C5409F /* Build configuration list for PBXProject "Fructus" */;
			compatibilityVersion = "Xcode 14.0";
			developmentRegion = en;
			hasScannedForEncodings = 0;
			knownRegions = (
				en,
				Base,
			);
			mainGroup = 02A52760294C7E1000C5409F;
			productRefGroup = 02A5276A294C7E1000C5409F /* Products */;
			projectDirPath = "";
			projectRoot = "";
			targets = (
				02A52768294C7E1000C5409F /* Fructus */,
			);
		};
/* End PBXProject section */

/* Begin PBXResourcesBuildPhase section */
		02A52767294C7E1000C5409F /* Resources */ = {
			isa = PBXResourcesBuildPhase;
			buildActionMask = 2147483647;
			files = (
				02A52774294C7E1200C5409F /* Preview Assets.xcassets in Resources */,
				02A52771294C7E1200C5409F /* Assets.xcassets in Resources */,
			);
			runOnlyForDeploymentPostprocessing = 0;
		};
/* End PBXResourcesBuildPhase section */

/* Begin PBXSourcesBuildPhase section */
		02A52765294C7E1000C5409F /* Sources */ = {
			isa = PBXSourcesBuildPhase;
			buildActionMask = 2147483647;
			files = (
				02A52787294EBAAA00C5409F /* FruitData.swift in Sources */,
				02A52791294ECDA900C5409F /* SourceLinkView.swift in Sources */,
				0226D6E92956CC73003DD7C0 /* SettingsRowView.swift in Sources */,
				02A5277D294C822900C5409F /* FruitCardView.swift in Sources */,
				02A5278B294EC19F00C5409F /* FruitRowView.swift in Sources */,
				02A52793294ED3F200C5409F /* FruitNutrientsView.swift in Sources */,
				02A5277F294C90D100C5409F /* StartButtonView.swift in Sources */,
				02A5278D294EC72000C5409F /* FruitDetailView.swift in Sources */,
				02A5276F294C7E1000C5409F /* ContentView.swift in Sources */,
				02A5278F294ECB6500C5409F /* FruitHeaderView.swift in Sources */,
				02A52781294C92F700C5409F /* OnboardingView.swift in Sources */,
				0226D6E72956C5AF003DD7C0 /* SettingsLabelView.swift in Sources */,
				02A52784294EB9AB00C5409F /* FruitModel.swift in Sources */,
				02A5276D294C7E1000C5409F /* FructusApp.swift in Sources */,
				02A60980294F68B200370C1F /* SettingsView.swift in Sources */,
			);
			runOnlyForDeploymentPostprocessing = 0;
		};
/* End PBXSourcesBuildPhase section */

/* Begin XCBuildConfiguration section */
		02A52775294C7E1200C5409F /* Debug */ = {
			isa = XCBuildConfiguration;
			buildSettings = {
				ALWAYS_SEARCH_USER_PATHS = NO;
				CLANG_ANALYZER_NONNULL = YES;
				CLANG_ANALYZER_NUMBER_OBJECT_CONVERSION = YES_AGGRESSIVE;
				CLANG_CXX_LANGUAGE_STANDARD = "gnu++20";
				CLANG_ENABLE_MODULES = YES;
				CLANG_ENABLE_OBJC_ARC = YES;
				CLANG_ENABLE_OBJC_WEAK = YES;
				CLANG_WARN_BLOCK_CAPTURE_AUTORELEASING = YES;
				CLANG_WARN_BOOL_CONVERSION = YES;
				CLANG_WARN_COMMA = YES;
				CLANG_WARN_CONSTANT_CONVERSION = YES;
				CLANG_WARN_DEPRECATED_OBJC_IMPLEMENTATIONS = YES;
				CLANG_WARN_DIRECT_OBJC_ISA_USAGE = YES_ERROR;
				CLANG_WARN_DOCUMENTATION_COMMENTS = YES;
				CLANG_WARN_EMPTY_BODY = YES;
				CLANG_WARN_ENUM_CONVERSION = YES;
				CLANG_WARN_INFINITE_RECURSION = YES;
				CLANG_WARN_INT_CONVERSION = YES;
				CLANG_WARN_NON_LITERAL_NULL_CONVERSION = YES;
				CLANG_WARN_OBJC_IMPLICIT_RETAIN_SELF = YES;
				CLANG_WARN_OBJC_LITERAL_CONVERSION = YES;
				CLANG_WARN_OBJC_ROOT_CLASS = YES_ERROR;
				CLANG_WARN_QUOTED_INCLUDE_IN_FRAMEWORK_HEADER = YES;
				CLANG_WARN_RANGE_LOOP_ANALYSIS = YES;
				CLANG_WARN_STRICT_PROTOTYPES = YES;
				CLANG_WARN_SUSPICIOUS_MOVE = YES;
				CLANG_WARN_UNGUARDED_AVAILABILITY = YES_AGGRESSIVE;
				CLANG_WARN_UNREACHABLE_CODE = YES;
				CLANG_WARN__DUPLICATE_METHOD_MATCH = YES;
				COPY_PHASE_STRIP = NO;
				DEBUG_INFORMATION_FORMAT = dwarf;
				ENABLE_STRICT_OBJC_MSGSEND = YES;
				ENABLE_TESTABILITY = YES;
				GCC_C_LANGUAGE_STANDARD = gnu11;
				GCC_DYNAMIC_NO_PIC = NO;
				GCC_NO_COMMON_BLOCKS = YES;
				GCC_OPTIMIZATION_LEVEL = 0;
				GCC_PREPROCESSOR_DEFINITIONS = (
					"DEBUG=1",
					"$(inherited)",
				);
				GCC_WARN_64_TO_32_BIT_CONVERSION = YES;
				GCC_WARN_ABOUT_RETURN_TYPE = YES_ERROR;
				GCC_WARN_UNDECLARED_SELECTOR = YES;
				GCC_WARN_UNINITIALIZED_AUTOS = YES_AGGRESSIVE;
				GCC_WARN_UNUSED_FUNCTION = YES;
				GCC_WARN_UNUSED_VARIABLE = YES;
				IPHONEOS_DEPLOYMENT_TARGET = 16.1;
				MTL_ENABLE_DEBUG_INFO = INCLUDE_SOURCE;
				MTL_FAST_MATH = YES;
				ONLY_ACTIVE_ARCH = YES;
				SDKROOT = iphoneos;
				SWIFT_ACTIVE_COMPILATION_CONDITIONS = DEBUG;
				SWIFT_OPTIMIZATION_LEVEL = "-Onone";
			};
			name = Debug;
		};
		02A52776294C7E1200C5409F /* Release */ = {
			isa = XCBuildConfiguration;
			buildSettings = {
				ALWAYS_SEARCH_USER_PATHS = NO;
				CLANG_ANALYZER_NONNULL = YES;
				CLANG_ANALYZER_NUMBER_OBJECT_CONVERSION = YES_AGGRESSIVE;
				CLANG_CXX_LANGUAGE_STANDARD = "gnu++20";
				CLANG_ENABLE_MODULES = YES;
				CLANG_ENABLE_OBJC_ARC = YES;
				CLANG_ENABLE_OBJC_WEAK = YES;
				CLANG_WARN_BLOCK_CAPTURE_AUTORELEASING = YES;
				CLANG_WARN_BOOL_CONVERSION = YES;
				CLANG_WARN_COMMA = YES;
				CLANG_WARN_CONSTANT_CONVERSION = YES;
				CLANG_WARN_DEPRECATED_OBJC_IMPLEMENTATIONS = YES;
				CLANG_WARN_DIRECT_OBJC_ISA_USAGE = YES_ERROR;
				CLANG_WARN_DOCUMENTATION_COMMENTS = YES;
				CLANG_WARN_EMPTY_BODY = YES;
				CLANG_WARN_ENUM_CONVERSION = YES;
				CLANG_WARN_INFINITE_RECURSION = YES;
				CLANG_WARN_INT_CONVERSION = YES;
				CLANG_WARN_NON_LITERAL_NULL_CONVERSION = YES;
				CLANG_WARN_OBJC_IMPLICIT_RETAIN_SELF = YES;
				CLANG_WARN_OBJC_LITERAL_CONVERSION = YES;
				CLANG_WARN_OBJC_ROOT_CLASS = YES_ERROR;
				CLANG_WARN_QUOTED_INCLUDE_IN_FRAMEWORK_HEADER = YES;
				CLANG_WARN_RANGE_LOOP_ANALYSIS = YES;
				CLANG_WARN_STRICT_PROTOTYPES = YES;
				CLANG_WARN_SUSPICIOUS_MOVE = YES;
				CLANG_WARN_UNGUARDED_AVAILABILITY = YES_AGGRESSIVE;
				CLANG_WARN_UNREACHABLE_CODE = YES;
				CLANG_WARN__DUPLICATE_METHOD_MATCH = YES;
				COPY_PHASE_STRIP = NO;
				DEBUG_INFORMATION_FORMAT = "dwarf-with-dsym";
				ENABLE_NS_ASSERTIONS = NO;
				ENABLE_STRICT_OBJC_MSGSEND = YES;
				GCC_C_LANGUAGE_STANDARD = gnu11;
				GCC_NO_COMMON_BLOCKS = YES;
				GCC_WARN_64_TO_32_BIT_CONVERSION = YES;
				GCC_WARN_ABOUT_RETURN_TYPE = YES_ERROR;
				GCC_WARN_UNDECLARED_SELECTOR = YES;
				GCC_WARN_UNINITIALIZED_AUTOS = YES_AGGRESSIVE;
				GCC_WARN_UNUSED_FUNCTION = YES;
				GCC_WARN_UNUSED_VARIABLE = YES;
				IPHONEOS_DEPLOYMENT_TARGET = 16.1;
				MTL_ENABLE_DEBUG_INFO = NO;
				MTL_FAST_MATH = YES;
				SDKROOT = iphoneos;
				SWIFT_COMPILATION_MODE = wholemodule;
				SWIFT_OPTIMIZATION_LEVEL = "-O";
				VALIDATE_PRODUCT = YES;
			};
			name = Release;
		};
		02A52778294C7E1200C5409F /* Debug */ = {
			isa = XCBuildConfiguration;
			buildSettings = {
				ASSETCATALOG_COMPILER_APPICON_NAME = AppIcon;
				ASSETCATALOG_COMPILER_GLOBAL_ACCENT_COLOR_NAME = AccentColor;
				CODE_SIGN_STYLE = Automatic;
				CURRENT_PROJECT_VERSION = 1;
				DEVELOPMENT_ASSET_PATHS = "\"Fructus/Preview Content\"";
				DEVELOPMENT_TEAM = RHKKXT5X45;
				ENABLE_PREVIEWS = YES;
				GENERATE_INFOPLIST_FILE = YES;
				INFOPLIST_KEY_UIApplicationSceneManifest_Generation = YES;
				INFOPLIST_KEY_UIApplicationSupportsIndirectInputEvents = YES;
				INFOPLIST_KEY_UILaunchScreen_Generation = YES;
				INFOPLIST_KEY_UISupportedInterfaceOrientations = UIInterfaceOrientationPortrait;
				LD_RUNPATH_SEARCH_PATHS = (
					"$(inherited)",
					"@executable_path/Frameworks",
				);
				MARKETING_VERSION = 1.0;
				PRODUCT_BUNDLE_IDENTIFIER = com.aryaveer.Fructus;
				PRODUCT_NAME = "$(TARGET_NAME)";
				SWIFT_EMIT_LOC_STRINGS = YES;
				SWIFT_VERSION = 5.0;
				TARGETED_DEVICE_FAMILY = "1,2";
			};
			name = Debug;
		};
		02A52779294C7E1200C5409F /* Release */ = {
			isa = XCBuildConfiguration;
			buildSettings = {
				ASSETCATALOG_COMPILER_APPICON_NAME = AppIcon;
				ASSETCATALOG_COMPILER_GLOBAL_ACCENT_COLOR_NAME = AccentColor;
				CODE_SIGN_STYLE = Automatic;
				CURRENT_PROJECT_VERSION = 1;
				DEVELOPMENT_ASSET_PATHS = "\"Fructus/Preview Content\"";
				DEVELOPMENT_TEAM = RHKKXT5X45;
				ENABLE_PREVIEWS = YES;
				GENERATE_INFOPLIST_FILE = YES;
				INFOPLIST_KEY_UIApplicationSceneManifest_Generation = YES;
				INFOPLIST_KEY_UIApplicationSupportsIndirectInputEvents = YES;
				INFOPLIST_KEY_UILaunchScreen_Generation = YES;
				INFOPLIST_KEY_UISupportedInterfaceOrientations = UIInterfaceOrientationPortrait;
				LD_RUNPATH_SEARCH_PATHS = (
					"$(inherited)",
					"@executable_path/Frameworks",
				);
				MARKETING_VERSION = 1.0;
				PRODUCT_BUNDLE_IDENTIFIER = com.aryaveer.Fructus;
				PRODUCT_NAME = "$(TARGET_NAME)";
				SWIFT_EMIT_LOC_STRINGS = YES;
				SWIFT_VERSION = 5.0;
				TARGETED_DEVICE_FAMILY = "1,2";
			};
			name = Release;
		};
/* End XCBuildConfiguration section */

/* Begin XCConfigurationList section */
		02A52764294C7E1000C5409F /* Build configuration list for PBXProject "Fructus" */ = {
			isa = XCConfigurationList;
			buildConfigurations = (
				02A52775294C7E1200C5409F /* Debug */,
				02A52776294C7E1200C5409F /* Release */,
			);
			defaultConfigurationIsVisible = 0;
			defaultConfigurationName = Release;
		};
		02A52777294C7E1200C5409F /* Build configuration list for PBXNativeTarget "Fructus" */ = {
			isa = XCConfigurationList;
			buildConfigurations = (
				02A52778294C7E1200C5409F /* Debug */,
				02A52779294C7E1200C5409F /* Release */,
			);
			defaultConfigurationIsVisible = 0;
			defaultConfigurationName = Release;
		};
/* End XCConfigurationList section */
	};
	rootObject = 02A52761294C7E1000C5409F /* Project object */;
}
